
Microsoft Visual Studio Solution File, Format Version 12.00
# Visual Studio Version 16
VisualStudioVersion = 16.0.31205.134
MinimumVisualStudioVersion = 10.0.40219.1
Project("{FAE04EC0-301F-11D3-BF4B-00C04F79EFBC}") = "TimeTask", "TimeTask\TimeTask.csproj", "{EE936401-303A-4A06-944D-FE7C76E8B1D9}"
EndProject
Project("{FAE04EC0-301F-11D3-BF4B-00C04F79EFBC}") = "TestApp", "TestApp\TestApp.csproj", "{9C4A0ED4-ACA3-4AED-AB74-7A21D4A96486}"
EndProject
Global
	GlobalSection(SolutionConfigurationPlatforms) = preSolution
		Debug|Any CPU = Debug|Any CPU
		Release|Any CPU = Release|Any CPU
	EndGlobalSection
	GlobalSection(ProjectConfigurationPlatforms) = postSolution
		{EE936401-303A-4A06-944D-FE7C76E8B1D9}.Debug|Any CPU.ActiveCfg = Debug|Any CPU
		{EE936401-303A-4A06-944D-FE7C76E8B1D9}.Debug|Any CPU.Build.0 = Debug|Any CPU
		{EE936401-303A-4A06-944D-FE7C76E8B1D9}.Release|Any CPU.ActiveCfg = Release|Any CPU
		{EE936401-303A-4A06-944D-FE7C76E8B1D9}.Release|Any CPU.Build.0 = Release|Any CPU
		{9C4A0ED4-ACA3-4AED-AB74-7A21D4A96486}.Debug|Any CPU.ActiveCfg = Debug|Any CPU
		{9C4A0ED4-ACA3-4AED-AB74-7A21D4A96486}.Debug|Any CPU.Build.0 = Debug|Any CPU
		{9C4A0ED4-ACA3-4AED-AB74-7A21D4A96486}.Release|Any CPU.ActiveCfg = Release|Any CPU
		{9C4A0ED4-ACA3-4AED-AB74-7A21D4A96486}.Release|Any CPU.Build.0 = Release|Any CPU
	EndGlobalSection
	GlobalSection(SolutionProperties) = preSolution
		HideSolutionNode = FALSE
	EndGlobalSection
	GlobalSection(ExtensibilityGlobals) = postSolution
		SolutionGuid = {3CD59FB2-358C-4F79-8D4D-7CDFFD0E6C6F}
	EndGlobalSection
EndGlobal
